
Microsoft Visual Studio Solution File, Format Version 12.00
# Visual Studio 15
VisualStudioVersion = 15.0.27130.2010
MinimumVisualStudioVersion = 10.0.40219.1
Project("{8BC9CEB8-8B4A-11D0-8D11-00A0C91BC942}") = "TP5", "TP5\TP5.vcxproj", "{364AE7ED-98F0-4E09-A044-35D84E79B92A}"
EndProject
Global
	GlobalSection(SolutionConfigurationPlatforms) = preSolution
		Debug|x64 = Debug|x64
		Debug|x86 = Debug|x86
		Release|x64 = Release|x64
		Release|x86 = Release|x86
	EndGlobalSection
	GlobalSection(ProjectConfigurationPlatforms) = postSolution
		{364AE7ED-98F0-4E09-A044-35D84E79B92A}.Debug|x64.ActiveCfg = Debug|x64
		{364AE7ED-98F0-4E09-A044-35D84E79B92A}.Debug|x64.Build.0 = Debug|x64
		{364AE7ED-98F0-4E09-A044-35D84E79B92A}.Debug|x86.ActiveCfg = Debug|Win32
		{364AE7ED-98F0-4E09-A044-35D84E79B92A}.Debug|x86.Build.0 = Debug|Win32
		{364AE7ED-98F0-4E09-A044-35D84E79B92A}.Release|x64.ActiveCfg = Release|x64
		{364AE7ED-98F0-4E09-A044-35D84E79B92A}.Release|x64.Build.0 = Release|x64
		{364AE7ED-98F0-4E09-A044-35D84E79B92A}.Release|x86.ActiveCfg = Release|Win32
		{364AE7ED-98F0-4E09-A044-35D84E79B92A}.Release|x86.Build.0 = Release|Win32
	EndGlobalSection
	GlobalSection(SolutionProperties) = preSolution
		HideSolutionNode = FALSE
	EndGlobalSection
	GlobalSection(ExtensibilityGlobals) = postSolution
		SolutionGuid = {FA029869-838A-41DB-A1A8-3F7106D34088}
	EndGlobalSection
EndGlobal
